
Microsoft Visual Studio Solution File, Format Version 12.00
# Visual Studio Version 17
VisualStudioVersion = 17.9.34728.123
MinimumVisualStudioVersion = 10.0.40219.1
Project("{9A19103F-16F7-4668-BE54-9A1E7A4F7556}") = "EventBooking", "EventBooking\EventBooking.csproj", "{317C521A-E285-425F-89CC-E88706E19FD5}"
EndProject
Project("{9A19103F-16F7-4668-BE54-9A1E7A4F7556}") = "Bl", "Bl\Bl.csproj", "{F61698FD-D39A-4367-A567-5DE9EC7A00DC}"
EndProject
Project("{FAE04EC0-301F-11D3-BF4B-00C04F79EFBC}") = "Models", "Models\Models.csproj", "{38C2ACA3-E904-4E0F-AD35-99679537704A}"
EndProject
Global
	GlobalSection(SolutionConfigurationPlatforms) = preSolution
		Debug|Any CPU = Debug|Any CPU
		Release|Any CPU = Release|Any CPU
	EndGlobalSection
	GlobalSection(ProjectConfigurationPlatforms) = postSolution
		{317C521A-E285-425F-89CC-E88706E19FD5}.Debug|Any CPU.ActiveCfg = Debug|Any CPU
		{317C521A-E285-425F-89CC-E88706E19FD5}.Debug|Any CPU.Build.0 = Debug|Any CPU
		{317C521A-E285-425F-89CC-E88706E19FD5}.Release|Any CPU.ActiveCfg = Release|Any CPU
		{317C521A-E285-425F-89CC-E88706E19FD5}.Release|Any CPU.Build.0 = Release|Any CPU
		{F61698FD-D39A-4367-A567-5DE9EC7A00DC}.Debug|Any CPU.ActiveCfg = Debug|Any CPU
		{F61698FD-D39A-4367-A567-5DE9EC7A00DC}.Debug|Any CPU.Build.0 = Debug|Any CPU
		{F61698FD-D39A-4367-A567-5DE9EC7A00DC}.Release|Any CPU.ActiveCfg = Release|Any CPU
		{F61698FD-D39A-4367-A567-5DE9EC7A00DC}.Release|Any CPU.Build.0 = Release|Any CPU
		{38C2ACA3-E904-4E0F-AD35-99679537704A}.Debug|Any CPU.ActiveCfg = Debug|Any CPU
		{38C2ACA3-E904-4E0F-AD35-99679537704A}.Debug|Any CPU.Build.0 = Debug|Any CPU
		{38C2ACA3-E904-4E0F-AD35-99679537704A}.Release|Any CPU.ActiveCfg = Release|Any CPU
		{38C2ACA3-E904-4E0F-AD35-99679537704A}.Release|Any CPU.Build.0 = Release|Any CPU
	EndGlobalSection
	GlobalSection(SolutionProperties) = preSolution
		HideSolutionNode = FALSE
	EndGlobalSection
	GlobalSection(ExtensibilityGlobals) = postSolution
		SolutionGuid = {7ED94144-AD64-4662-968F-C9B4AB319BA8}
	EndGlobalSection
EndGlobal
